// !$*UTF8*$!
{
	archiveVersion = 1;
	classes = {
	};
	objectVersion = 46;
	objects = {

/* Begin PBXAggregateTarget section */
		451FC5651A19BCDD00EDA055 /* KitBuilder */ = {
			isa = PBXAggregateTarget;
			buildConfigurationList = 451FC5661A19BCDD00EDA055 /* Build configuration list for PBXAggregateTarget "KitBuilder" */;
			buildPhases = (
				451FC5691A19BCED00EDA055 /* ShellScript */,
			);
			dependencies = (
			);
			name = KitBuilder;
			productName = KitBuilder;
		};
/* End PBXAggregateTarget section */

/* Begin PBXBuildFile section */
		45CBCFCC1A16007900149F11 /* FormValidationKit.h in Headers */ = {isa = PBXBuildFile; fileRef = 45CBCFCB1A16007900149F11 /* FormValidationKit.h */; settings = {ATTRIBUTES = (Public, ); }; };
		45CBCFD21A16007900149F11 /* FormValidationKit.framework in Frameworks */ = {isa = PBXBuildFile; fileRef = 45CBCFC61A16007900149F11 /* FormValidationKit.framework */; };
		45CBCFD91A16007900149F11 /* FormValidationKitTests.swift in Sources */ = {isa = PBXBuildFile; fileRef = 45CBCFD81A16007900149F11 /* FormValidationKitTests.swift */; };
		45CBCFE91A16009900149F11 /* FieldValidator.swift in Sources */ = {isa = PBXBuildFile; fileRef = 45CBCFE21A16009900149F11 /* FieldValidator.swift */; };
		45CBCFEA1A16009900149F11 /* FieldValue.swift in Sources */ = {isa = PBXBuildFile; fileRef = 45CBCFE31A16009900149F11 /* FieldValue.swift */; };
		45CBCFEB1A16009900149F11 /* FormValidator.swift in Sources */ = {isa = PBXBuildFile; fileRef = 45CBCFE41A16009900149F11 /* FormValidator.swift */; };
		45CBCFEC1A16009900149F11 /* Iterator.swift in Sources */ = {isa = PBXBuildFile; fileRef = 45CBCFE51A16009900149F11 /* Iterator.swift */; };
		45CBCFED1A16009900149F11 /* ValidationRules.swift in Sources */ = {isa = PBXBuildFile; fileRef = 45CBCFE61A16009900149F11 /* ValidationRules.swift */; };
		45CBCFEE1A16009900149F11 /* ValidatorInterfaces.swift in Sources */ = {isa = PBXBuildFile; fileRef = 45CBCFE71A16009900149F11 /* ValidatorInterfaces.swift */; };
		45CBCFEF1A16009900149F11 /* ValidatorIterator.swift in Sources */ = {isa = PBXBuildFile; fileRef = 45CBCFE81A16009900149F11 /* ValidatorIterator.swift */; };
/* End PBXBuildFile section */

/* Begin PBXContainerItemProxy section */
		45CBCFD31A16007900149F11 /* PBXContainerItemProxy */ = {
			isa = PBXContainerItemProxy;
			containerPortal = 45CBCFBD1A16007900149F11 /* Project object */;
			proxyType = 1;
			remoteGlobalIDString = 45CBCFC51A16007900149F11;
			remoteInfo = FormValidationKit;
		};
/* End PBXContainerItemProxy section */

/* Begin PBXFileReference section */
		45CBCFC61A16007900149F11 /* FormValidationKit.framework */ = {isa = PBXFileReference; explicitFileType = wrapper.framework; includeInIndex = 0; path = FormValidationKit.framework; sourceTree = BUILT_PRODUCTS_DIR; };
		45CBCFCA1A16007900149F11 /* Info.plist */ = {isa = PBXFileReference; lastKnownFileType = text.plist.xml; path = Info.plist; sourceTree = "<group>"; };
		45CBCFCB1A16007900149F11 /* FormValidationKit.h */ = {isa = PBXFileReference; lastKnownFileType = sourcecode.c.h; path = FormValidationKit.h; sourceTree = "<group>"; };
		45CBCFD11A16007900149F11 /* FormValidationKitTests.xctest */ = {isa = PBXFileReference; explicitFileType = wrapper.cfbundle; includeInIndex = 0; path = FormValidationKitTests.xctest; sourceTree = BUILT_PRODUCTS_DIR; };
		45CBCFD71A16007900149F11 /* Info.plist */ = {isa = PBXFileReference; lastKnownFileType = text.plist.xml; path = Info.plist; sourceTree = "<group>"; };
		45CBCFD81A16007900149F11 /* FormValidationKitTests.swift */ = {isa = PBXFileReference; lastKnownFileType = sourcecode.swift; path = FormValidationKitTests.swift; sourceTree = "<group>"; };
		45CBCFE21A16009900149F11 /* FieldValidator.swift */ = {isa = PBXFileReference; fileEncoding = 4; lastKnownFileType = sourcecode.swift; path = FieldValidator.swift; sourceTree = "<group>"; };
		45CBCFE31A16009900149F11 /* FieldValue.swift */ = {isa = PBXFileReference; fileEncoding = 4; lastKnownFileType = sourcecode.swift; path = FieldValue.swift; sourceTree = "<group>"; };
		45CBCFE41A16009900149F11 /* FormValidator.swift */ = {isa = PBXFileReference; fileEncoding = 4; lastKnownFileType = sourcecode.swift; path = FormValidator.swift; sourceTree = "<group>"; };
		45CBCFE51A16009900149F11 /* Iterator.swift */ = {isa = PBXFileReference; fileEncoding = 4; lastKnownFileType = sourcecode.swift; path = Iterator.swift; sourceTree = "<group>"; };
		45CBCFE61A16009900149F11 /* ValidationRules.swift */ = {isa = PBXFileReference; fileEncoding = 4; lastKnownFileType = sourcecode.swift; path = ValidationRules.swift; sourceTree = "<group>"; };
		45CBCFE71A16009900149F11 /* ValidatorInterfaces.swift */ = {isa = PBXFileReference; fileEncoding = 4; lastKnownFileType = sourcecode.swift; path = ValidatorInterfaces.swift; sourceTree = "<group>"; };
		45CBCFE81A16009900149F11 /* ValidatorIterator.swift */ = {isa = PBXFileReference; fileEncoding = 4; lastKnownFileType = sourcecode.swift; path = ValidatorIterator.swift; sourceTree = "<group>"; };
/* End PBXFileReference section */

/* Begin PBXFrameworksBuildPhase section */
		45CBCFC21A16007900149F11 /* Frameworks */ = {
			isa = PBXFrameworksBuildPhase;
			buildActionMask = 2147483647;
			files = (
			);
			runOnlyForDeploymentPostprocessing = 0;
		};
		45CBCFCE1A16007900149F11 /* Frameworks */ = {
			isa = PBXFrameworksBuildPhase;
			buildActionMask = 2147483647;
			files = (
				45CBCFD21A16007900149F11 /* FormValidationKit.framework in Frameworks */,
			);
			runOnlyForDeploymentPostprocessing = 0;
		};
/* End PBXFrameworksBuildPhase section */

/* Begin PBXGroup section */
		45CBCFBC1A16007900149F11 = {
			isa = PBXGroup;
			children = (
				45CBCFC81A16007900149F11 /* FormValidationKit */,
				45CBCFD51A16007900149F11 /* FormValidationKitTests */,
				45CBCFC71A16007900149F11 /* Products */,
			);
			sourceTree = "<group>";
		};
		45CBCFC71A16007900149F11 /* Products */ = {
			isa = PBXGroup;
			children = (
				45CBCFC61A16007900149F11 /* FormValidationKit.framework */,
				45CBCFD11A16007900149F11 /* FormValidationKitTests.xctest */,
			);
			name = Products;
			sourceTree = "<group>";
		};
		45CBCFC81A16007900149F11 /* FormValidationKit */ = {
			isa = PBXGroup;
			children = (
				45CBCFCB1A16007900149F11 /* FormValidationKit.h */,
				45CBCFE21A16009900149F11 /* FieldValidator.swift */,
				45CBCFE31A16009900149F11 /* FieldValue.swift */,
				45CBCFE41A16009900149F11 /* FormValidator.swift */,
				45CBCFE51A16009900149F11 /* Iterator.swift */,
				45CBCFE61A16009900149F11 /* ValidationRules.swift */,
				45CBCFE71A16009900149F11 /* ValidatorInterfaces.swift */,
				45CBCFE81A16009900149F11 /* ValidatorIterator.swift */,
				45CBCFC91A16007900149F11 /* Supporting Files */,
			);
			path = FormValidationKit;
			sourceTree = "<group>";
		};
		45CBCFC91A16007900149F11 /* Supporting Files */ = {
			isa = PBXGroup;
			children = (
				45CBCFCA1A16007900149F11 /* Info.plist */,
			);
			name = "Supporting Files";
			sourceTree = "<group>";
		};
		45CBCFD51A16007900149F11 /* FormValidationKitTests */ = {
			isa = PBXGroup;
			children = (
				45CBCFD81A16007900149F11 /* FormValidationKitTests.swift */,
				45CBCFD61A16007900149F11 /* Supporting Files */,
			);
			path = FormValidationKitTests;
			sourceTree = "<group>";
		};
		45CBCFD61A16007900149F11 /* Supporting Files */ = {
			isa = PBXGroup;
			children = (
				45CBCFD71A16007900149F11 /* Info.plist */,
			);
			name = "Supporting Files";
			sourceTree = "<group>";
		};
/* End PBXGroup section */

/* Begin PBXHeadersBuildPhase section */
		45CBCFC31A16007900149F11 /* Headers */ = {
			isa = PBXHeadersBuildPhase;
			buildActionMask = 2147483647;
			files = (
				45CBCFCC1A16007900149F11 /* FormValidationKit.h in Headers */,
			);
			runOnlyForDeploymentPostprocessing = 0;
		};
/* End PBXHeadersBuildPhase section */

/* Begin PBXNativeTarget section */
		45CBCFC51A16007900149F11 /* FormValidationKit */ = {
			isa = PBXNativeTarget;
			buildConfigurationList = 45CBCFDC1A16007900149F11 /* Build configuration list for PBXNativeTarget "FormValidationKit" */;
			buildPhases = (
				45CBCFC11A16007900149F11 /* Sources */,
				45CBCFC21A16007900149F11 /* Frameworks */,
				45CBCFC31A16007900149F11 /* Headers */,
				45CBCFC41A16007900149F11 /* Resources */,
			);
			buildRules = (
			);
			dependencies = (
			);
			name = FormValidationKit;
			productName = FormValidationKit;
			productReference = 45CBCFC61A16007900149F11 /* FormValidationKit.framework */;
			productType = "com.apple.product-type.framework";
		};
		45CBCFD01A16007900149F11 /* FormValidationKitTests */ = {
			isa = PBXNativeTarget;
			buildConfigurationList = 45CBCFDF1A16007900149F11 /* Build configuration list for PBXNativeTarget "FormValidationKitTests" */;
			buildPhases = (
				45CBCFCD1A16007900149F11 /* Sources */,
				45CBCFCE1A16007900149F11 /* Frameworks */,
				45CBCFCF1A16007900149F11 /* Resources */,
			);
			buildRules = (
			);
			dependencies = (
				45CBCFD41A16007900149F11 /* PBXTargetDependency */,
			);
			name = FormValidationKitTests;
			productName = FormValidationKitTests;
			productReference = 45CBCFD11A16007900149F11 /* FormValidationKitTests.xctest */;
			productType = "com.apple.product-type.bundle.unit-test";
		};
/* End PBXNativeTarget section */

/* Begin PBXProject section */
		45CBCFBD1A16007900149F11 /* Project object */ = {
			isa = PBXProject;
			attributes = {
				LastUpgradeCheck = 0610;
				ORGANIZATIONNAME = NazMariano;
				TargetAttributes = {
					451FC5651A19BCDD00EDA055 = {
						CreatedOnToolsVersion = 6.1;
					};
					45CBCFC51A16007900149F11 = {
						CreatedOnToolsVersion = 6.1;
					};
					45CBCFD01A16007900149F11 = {
						CreatedOnToolsVersion = 6.1;
					};
				};
			};
			buildConfigurationList = 45CBCFC01A16007900149F11 /* Build configuration list for PBXProject "FormValidationKit" */;
			compatibilityVersion = "Xcode 3.2";
			developmentRegion = English;
			hasScannedForEncodings = 0;
			knownRegions = (
				en,
			);
			mainGroup = 45CBCFBC1A16007900149F11;
			productRefGroup = 45CBCFC71A16007900149F11 /* Products */;
			projectDirPath = "";
			projectRoot = "";
			targets = (
				45CBCFC51A16007900149F11 /* FormValidationKit */,
				45CBCFD01A16007900149F11 /* FormValidationKitTests */,
				451FC5651A19BCDD00EDA055 /* KitBuilder */,
			);
		};
/* End PBXProject section */

/* Begin PBXResourcesBuildPhase section */
		45CBCFC41A16007900149F11 /* Resources */ = {
			isa = PBXResourcesBuildPhase;
			buildActionMask = 2147483647;
			files = (
			);
			runOnlyForDeploymentPostprocessing = 0;
		};
		45CBCFCF1A16007900149F11 /* Resources */ = {
			isa = PBXResourcesBuildPhase;
			buildActionMask = 2147483647;
			files = (
			);
			runOnlyForDeploymentPostprocessing = 0;
		};
/* End PBXResourcesBuildPhase section */

/* Begin PBXShellScriptBuildPhase section */
		451FC5691A19BCED00EDA055 /* ShellScript */ = {
			isa = PBXShellScriptBuildPhase;
			buildActionMask = 2147483647;
			files = (
			);
			inputPaths = (
			);
			outputPaths = (
			);
			runOnlyForDeploymentPostprocessing = 0;
			shellPath = /bin/sh;
			shellScript = "# This script is based on Jacob Van Order's answer on apple dev forums https://devforums.apple.com/message/971277\n# See also http://spin.atomicobject.com/2011/12/13/building-a-universal-framework-for-ios/ for the start\n\n\n# To get this to work with a Xcode 6 Cocoa Touch Framework, create Framework\n# Then create a new Aggregate Target. Throw this script into a Build Script Phrase on the Aggregate\n\n\n######################\n# Options\n######################\n\nREVEAL_ARCHIVE_IN_FINDER=true\n\nFRAMEWORK_NAME=\"${PROJECT_NAME}\"\n\nSIMULATOR_LIBRARY_PATH=\"${BUILD_DIR}/${CONFIGURATION}-iphonesimulator/${FRAMEWORK_NAME}.framework\"\n\nDEVICE_LIBRARY_PATH=\"${BUILD_DIR}/${CONFIGURATION}-iphoneos/${FRAMEWORK_NAME}.framework\"\n\nUNIVERSAL_LIBRARY_DIR=\"${BUILD_DIR}/${CONFIGURATION}-iphoneuniversal\"\n\nFRAMEWORK=\"${UNIVERSAL_LIBRARY_DIR}/${FRAMEWORK_NAME}.framework\"\n\n\n######################\n# Build Frameworks\n######################\n\nxcodebuild -project ${PROJECT_NAME}.xcodeproj -sdk iphonesimulator -target ${PROJECT_NAME} -configuration ${CONFIGURATION} clean build CONFIGURATION_BUILD_DIR=${BUILD_DIR}/${CONFIGURATION}-iphonesimulator | echo\n\nxcodebuild -project ${PROJECT_NAME}.xcodeproj -sdk iphoneos -target ${PROJECT_NAME} -configuration ${CONFIGURATION} clean build CONFIGURATION_BUILD_DIR=${BUILD_DIR}/${CONFIGURATION}-iphoneos | echo\n\n#xcodebuild -target ${PROJECT_NAME} ONLY_ACTIVE_ARCH=NO -configuration ${CONFIGURATION} -sdk iphoneos  BUILD_DIR=\"${BUILD_DIR}\" BUILD_ROOT=\"${BUILD_ROOT}\" | echo\n\n#xcodebuild -target ${PROJECT_NAME} ONLY_ACTIVE_ARCH=NO -configuration ${CONFIGURATION} -sdk iphonesimulator  BUILD_DIR=\"${BUILD_DIR}\" BUILD_ROOT=\"${BUILD_ROOT}\" | echo\n\n\n######################\n# Create directory for universal\n######################\n\nrm -rf \"${UNIVERSAL_LIBRARY_DIR}\"\n\nmkdir \"${UNIVERSAL_LIBRARY_DIR}\"\n\nmkdir \"${FRAMEWORK}\"\n\n\n######################\n# Copy files Framework\n######################\n\ncp -r \"${DEVICE_LIBRARY_PATH}/.\" \"${FRAMEWORK}\"\n\n\n######################\n# Make fat universal binary\n######################\n\nlipo \"${SIMULATOR_LIBRARY_PATH}/${FRAMEWORK_NAME}\" \"${DEVICE_LIBRARY_PATH}/${FRAMEWORK_NAME}\" -create -output \"${FRAMEWORK}/${FRAMEWORK_NAME}\" | echo\n\n\n######################\n# On Release, copy the result to desktop folder\n######################\n\nif [ \"${CONFIGURATION}\" == \"Release\" ]; then\nmkdir \"${HOME}/Desktop/${FRAMEWORK_NAME}-${CONFIGURATION}-iphoneuniversal/\"\ncp -r \"${FRAMEWORK}\" \"${HOME}/Desktop/${FRAMEWORK_NAME}-${CONFIGURATION}-iphoneuniversal/\"\nfi\n\n\n######################\n# If needed, open the Framework folder\n######################\n\nif [ ${REVEAL_ARCHIVE_IN_FINDER} = true ]; then\nif [ \"${CONFIGURATION}\" == \"Release\" ]; then\nopen \"${HOME}/Desktop/${FRAMEWORK_NAME}-${CONFIGURATION}-iphoneuniversal/\"\nelse\nopen \"${UNIVERSAL_LIBRARY_DIR}/\"\nfi\nfi";
		};
/* End PBXShellScriptBuildPhase section */

/* Begin PBXSourcesBuildPhase section */
		45CBCFC11A16007900149F11 /* Sources */ = {
			isa = PBXSourcesBuildPhase;
			buildActionMask = 2147483647;
			files = (
				45CBCFEB1A16009900149F11 /* FormValidator.swift in Sources */,
				45CBCFEF1A16009900149F11 /* ValidatorIterator.swift in Sources */,
				45CBCFED1A16009900149F11 /* ValidationRules.swift in Sources */,
				45CBCFEE1A16009900149F11 /* ValidatorInterfaces.swift in Sources */,
				45CBCFEA1A16009900149F11 /* FieldValue.swift in Sources */,
				45CBCFE91A16009900149F11 /* FieldValidator.swift in Sources */,
				45CBCFEC1A16009900149F11 /* Iterator.swift in Sources */,
			);
			runOnlyForDeploymentPostprocessing = 0;
		};
		45CBCFCD1A16007900149F11 /* Sources */ = {
			isa = PBXSourcesBuildPhase;
			buildActionMask = 2147483647;
			files = (
				45CBCFD91A16007900149F11 /* FormValidationKitTests.swift in Sources */,
			);
			runOnlyForDeploymentPostprocessing = 0;
		};
/* End PBXSourcesBuildPhase section */

/* Begin PBXTargetDependency section */
		45CBCFD41A16007900149F11 /* PBXTargetDependency */ = {
			isa = PBXTargetDependency;
			target = 45CBCFC51A16007900149F11 /* FormValidationKit */;
			targetProxy = 45CBCFD31A16007900149F11 /* PBXContainerItemProxy */;
		};
/* End PBXTargetDependency section */

/* Begin XCBuildConfiguration section */
		451FC5671A19BCDD00EDA055 /* Debug */ = {
			isa = XCBuildConfiguration;
			buildSettings = {
				PRODUCT_NAME = "$(TARGET_NAME)";
			};
			name = Debug;
		};
		451FC5681A19BCDD00EDA055 /* Release */ = {
			isa = XCBuildConfiguration;
			buildSettings = {
				PRODUCT_NAME = "$(TARGET_NAME)";
			};
			name = Release;
		};
		45CBCFDA1A16007900149F11 /* Debug */ = {
			isa = XCBuildConfiguration;
			buildSettings = {
				ALWAYS_SEARCH_USER_PATHS = NO;
				CLANG_CXX_LANGUAGE_STANDARD = "gnu++0x";
				CLANG_CXX_LIBRARY = "libc++";
				CLANG_ENABLE_MODULES = YES;
				CLANG_ENABLE_OBJC_ARC = YES;
				CLANG_WARN_BOOL_CONVERSION = YES;
				CLANG_WARN_CONSTANT_CONVERSION = YES;
				CLANG_WARN_DIRECT_OBJC_ISA_USAGE = YES_ERROR;
				CLANG_WARN_EMPTY_BODY = YES;
				CLANG_WARN_ENUM_CONVERSION = YES;
				CLANG_WARN_INT_CONVERSION = YES;
				CLANG_WARN_OBJC_ROOT_CLASS = YES_ERROR;
				CLANG_WARN_UNREACHABLE_CODE = YES;
				CLANG_WARN__DUPLICATE_METHOD_MATCH = YES;
				"CODE_SIGN_IDENTITY[sdk=iphoneos*]" = "iPhone Developer";
				COPY_PHASE_STRIP = NO;
				CURRENT_PROJECT_VERSION = 1;
				ENABLE_STRICT_OBJC_MSGSEND = YES;
				GCC_C_LANGUAGE_STANDARD = gnu99;
				GCC_DYNAMIC_NO_PIC = NO;
				GCC_OPTIMIZATION_LEVEL = 0;
				GCC_PREPROCESSOR_DEFINITIONS = (
					"DEBUG=1",
					"$(inherited)",
				);
				GCC_SYMBOLS_PRIVATE_EXTERN = NO;
				GCC_WARN_64_TO_32_BIT_CONVERSION = YES;
				GCC_WARN_ABOUT_RETURN_TYPE = YES_ERROR;
				GCC_WARN_UNDECLARED_SELECTOR = YES;
				GCC_WARN_UNINITIALIZED_AUTOS = YES_AGGRESSIVE;
				GCC_WARN_UNUSED_FUNCTION = YES;
				GCC_WARN_UNUSED_VARIABLE = YES;
				IPHONEOS_DEPLOYMENT_TARGET = 8.1;
				MTL_ENABLE_DEBUG_INFO = YES;
				ONLY_ACTIVE_ARCH = NO;
				SDKROOT = iphoneos;
				SWIFT_OPTIMIZATION_LEVEL = "-Onone";
				TARGETED_DEVICE_FAMILY = "1,2";
				VERSIONING_SYSTEM = "apple-generic";
				VERSION_INFO_PREFIX = "";
			};
			name = Debug;
		};
		45CBCFDB1A16007900149F11 /* Release */ = {
			isa = XCBuildConfiguration;
			buildSettings = {
				ALWAYS_SEARCH_USER_PATHS = NO;
				CLANG_CXX_LANGUAGE_STANDARD = "gnu++0x";
				CLANG_CXX_LIBRARY = "libc++";
				CLANG_ENABLE_MODULES = YES;
				CLANG_ENABLE_OBJC_ARC = YES;
				CLANG_WARN_BOOL_CONVERSION = YES;
				CLANG_WARN_CONSTANT_CONVERSION = YES;
				CLANG_WARN_DIRECT_OBJC_ISA_USAGE = YES_ERROR;
				CLANG_WARN_EMPTY_BODY = YES;
				CLANG_WARN_ENUM_CONVERSION = YES;
				CLANG_WARN_INT_CONVERSION = YES;
				CLANG_WARN_OBJC_ROOT_CLASS = YES_ERROR;
				CLANG_WARN_UNREACHABLE_CODE = YES;
				CLANG_WARN__DUPLICATE_METHOD_MATCH = YES;
				"CODE_SIGN_IDENTITY[sdk=iphoneos*]" = "iPhone Developer";
				COPY_PHASE_STRIP = YES;
				CURRENT_PROJECT_VERSION = 1;
				ENABLE_NS_ASSERTIONS = NO;
				ENABLE_STRICT_OBJC_MSGSEND = YES;
				GCC_C_LANGUAGE_STANDARD = gnu99;
				GCC_WARN_64_TO_32_BIT_CONVERSION = YES;
				GCC_WARN_ABOUT_RETURN_TYPE = YES_ERROR;
				GCC_WARN_UNDECLARED_SELECTOR = YES;
				GCC_WARN_UNINITIALIZED_AUTOS = YES_AGGRESSIVE;
				GCC_WARN_UNUSED_FUNCTION = YES;
				GCC_WARN_UNUSED_VARIABLE = YES;
				IPHONEOS_DEPLOYMENT_TARGET = 8.1;
				MTL_ENABLE_DEBUG_INFO = NO;
				SDKROOT = iphoneos;
				TARGETED_DEVICE_FAMILY = "1,2";
				VALIDATE_PRODUCT = YES;
				VERSIONING_SYSTEM = "apple-generic";
				VERSION_INFO_PREFIX = "";
			};
			name = Release;
		};
		45CBCFDD1A16007900149F11 /* Debug */ = {
			isa = XCBuildConfiguration;
			buildSettings = {
				CLANG_ENABLE_MODULES = YES;
				DEFINES_MODULE = YES;
				DYLIB_COMPATIBILITY_VERSION = 1;
				DYLIB_CURRENT_VERSION = 1;
				DYLIB_INSTALL_NAME_BASE = "@rpath";
				INFOPLIST_FILE = FormValidationKit/Info.plist;
				INSTALL_PATH = "$(LOCAL_LIBRARY_DIR)/Frameworks";
				LD_RUNPATH_SEARCH_PATHS = "$(inherited) @executable_path/Frameworks @loader_path/Frameworks";
				PRODUCT_NAME = "$(TARGET_NAME)";
				SKIP_INSTALL = YES;
				SWIFT_OPTIMIZATION_LEVEL = "-Onone";
			};
			name = Debug;
		};
		45CBCFDE1A16007900149F11 /* Release */ = {
			isa = XCBuildConfiguration;
			buildSettings = {
				CLANG_ENABLE_MODULES = YES;
				DEFINES_MODULE = YES;
				DYLIB_COMPATIBILITY_VERSION = 1;
				DYLIB_CURRENT_VERSION = 1;
				DYLIB_INSTALL_NAME_BASE = "@rpath";
				INFOPLIST_FILE = FormValidationKit/Info.plist;
				INSTALL_PATH = "$(LOCAL_LIBRARY_DIR)/Frameworks";
				LD_RUNPATH_SEARCH_PATHS = "$(inherited) @executable_path/Frameworks @loader_path/Frameworks";
				PRODUCT_NAME = "$(TARGET_NAME)";
				SKIP_INSTALL = YES;
			};
			name = Release;
		};
		45CBCFE01A16007900149F11 /* Debug */ = {
			isa = XCBuildConfiguration;
			buildSettings = {
				FRAMEWORK_SEARCH_PATHS = (
					"$(SDKROOT)/Developer/Library/Frameworks",
					"$(inherited)",
				);
				GCC_PREPROCESSOR_DEFINITIONS = (
					"DEBUG=1",
					"$(inherited)",
				);
				INFOPLIST_FILE = FormValidationKitTests/Info.plist;
				LD_RUNPATH_SEARCH_PATHS = "$(inherited) @executable_path/Frameworks @loader_path/Frameworks";
				PRODUCT_NAME = "$(TARGET_NAME)";
			};
			name = Debug;
		};
		45CBCFE11A16007900149F11 /* Release */ = {
			isa = XCBuildConfiguration;
			buildSettings = {
				FRAMEWORK_SEARCH_PATHS = (
					"$(SDKROOT)/Developer/Library/Frameworks",
					"$(inherited)",
				);
				INFOPLIST_FILE = FormValidationKitTests/Info.plist;
				LD_RUNPATH_SEARCH_PATHS = "$(inherited) @executable_path/Frameworks @loader_path/Frameworks";
				PRODUCT_NAME = "$(TARGET_NAME)";
			};
			name = Release;
		};
/* End XCBuildConfiguration section */

/* Begin XCConfigurationList section */
		451FC5661A19BCDD00EDA055 /* Build configuration list for PBXAggregateTarget "KitBuilder" */ = {
			isa = XCConfigurationList;
			buildConfigurations = (
				451FC5671A19BCDD00EDA055 /* Debug */,
				451FC5681A19BCDD00EDA055 /* Release */,
			);
			defaultConfigurationIsVisible = 0;
			defaultConfigurationName = Release;
		};
		45CBCFC01A16007900149F11 /* Build configuration list for PBXProject "FormValidationKit" */ = {
			isa = XCConfigurationList;
			buildConfigurations = (
				45CBCFDA1A16007900149F11 /* Debug */,
				45CBCFDB1A16007900149F11 /* Release */,
			);
			defaultConfigurationIsVisible = 0;
			defaultConfigurationName = Release;
		};
		45CBCFDC1A16007900149F11 /* Build configuration list for PBXNativeTarget "FormValidationKit" */ = {
			isa = XCConfigurationList;
			buildConfigurations = (
				45CBCFDD1A16007900149F11 /* Debug */,
				45CBCFDE1A16007900149F11 /* Release */,
			);
			defaultConfigurationIsVisible = 0;
			defaultConfigurationName = Release;
		};
		45CBCFDF1A16007900149F11 /* Build configuration list for PBXNativeTarget "FormValidationKitTests" */ = {
			isa = XCConfigurationList;
			buildConfigurations = (
				45CBCFE01A16007900149F11 /* Debug */,
				45CBCFE11A16007900149F11 /* Release */,
			);
			defaultConfigurationIsVisible = 0;
			defaultConfigurationName = Release;
		};
/* End XCConfigurationList section */
	};
	rootObject = 45CBCFBD1A16007900149F11 /* Project object */;
}
